// !$*UTF8*$!
{
	archiveVersion = 1;
	classes = {
	};
	objectVersion = 46;
	objects = {

/* Begin PBXBuildFile section */
		5B567BA816DE38B800413710 /* UIKit.framework in Frameworks */ = {isa = PBXBuildFile; fileRef = 5B567BA716DE38B800413710 /* UIKit.framework */; };
		5B567BAA16DE38B800413710 /* Foundation.framework in Frameworks */ = {isa = PBXBuildFile; fileRef = 5B567BA916DE38B800413710 /* Foundation.framework */; };
		5B567BAC16DE38B800413710 /* CoreGraphics.framework in Frameworks */ = {isa = PBXBuildFile; fileRef = 5B567BAB16DE38B800413710 /* CoreGraphics.framework */; };
		5B567BB216DE38B800413710 /* InfoPlist.strings in Resources */ = {isa = PBXBuildFile; fileRef = 5B567BB016DE38B800413710 /* InfoPlist.strings */; };
		5B567BB416DE38B800413710 /* main.m in Sources */ = {isa = PBXBuildFile; fileRef = 5B567BB316DE38B800413710 /* main.m */; };
		5B567BB816DE38B800413710 /* CardChooserAppDelegate.m in Sources */ = {isa = PBXBuildFile; fileRef = 5B567BB716DE38B800413710 /* CardChooserAppDelegate.m */; };
		5B567BBA16DE38B800413710 /* Default.png in Resources */ = {isa = PBXBuildFile; fileRef = 5B567BB916DE38B800413710 /* Default.png */; };
		5B567BBC16DE38B800413710 /* Default@2x.png in Resources */ = {isa = PBXBuildFile; fileRef = 5B567BBB16DE38B800413710 /* Default@2x.png */; };
		5B567BBE16DE38B800413710 /* Default-568h@2x.png in Resources */ = {isa = PBXBuildFile; fileRef = 5B567BBD16DE38B800413710 /* Default-568h@2x.png */; };
		5B567BC116DE38B800413710 /* MainStoryboard.storyboard in Resources */ = {isa = PBXBuildFile; fileRef = 5B567BBF16DE38B800413710 /* MainStoryboard.storyboard */; };
		5B567BC416DE38B800413710 /* CardChooserViewController.m in Sources */ = {isa = PBXBuildFile; fileRef = 5B567BC316DE38B800413710 /* CardChooserViewController.m */; };
		5B567BCC16DE3A7100413710 /* CardDisplayViewController.m in Sources */ = {isa = PBXBuildFile; fileRef = 5B567BCB16DE3A7100413710 /* CardDisplayViewController.m */; };
		5B567BEA16DE3BC800413710 /* cardback.png in Resources */ = {isa = PBXBuildFile; fileRef = 5B567BCD16DE3BC800413710 /* cardback.png */; };
		5B567BEB16DE3BC800413710 /* cardback@2x.png in Resources */ = {isa = PBXBuildFile; fileRef = 5B567BCE16DE3BC800413710 /* cardback@2x.png */; };
		5B567BEC16DE3BC800413710 /* J♠.png in Resources */ = {isa = PBXBuildFile; fileRef = 5B567BD016DE3BC800413710 /* J♠.png */; };
		5B567BED16DE3BC800413710 /* J♠@2x.png in Resources */ = {isa = PBXBuildFile; fileRef = 5B567BD116DE3BC800413710 /* J♠@2x.png */; };
		5B567BEE16DE3BC800413710 /* J♣.png in Resources */ = {isa = PBXBuildFile; fileRef = 5B567BD216DE3BC800413710 /* J♣.png */; };
		5B567BEF16DE3BC800413710 /* J♣@2x.png in Resources */ = {isa = PBXBuildFile; fileRef = 5B567BD316DE3BC800413710 /* J♣@2x.png */; };
		5B567BF016DE3BC800413710 /* J♥.png in Resources */ = {isa = PBXBuildFile; fileRef = 5B567BD416DE3BC800413710 /* J♥.png */; };
		5B567BF116DE3BC800413710 /* J♥@2x.png in Resources */ = {isa = PBXBuildFile; fileRef = 5B567BD516DE3BC800413710 /* J♥@2x.png */; };
		5B567BF216DE3BC800413710 /* J♦.png in Resources */ = {isa = PBXBuildFile; fileRef = 5B567BD616DE3BC800413710 /* J♦.png */; };
		5B567BF316DE3BC800413710 /* J♦@2x.png in Resources */ = {isa = PBXBuildFile; fileRef = 5B567BD716DE3BC800413710 /* J♦@2x.png */; };
		5B567BF416DE3BC800413710 /* K♠.png in Resources */ = {isa = PBXBuildFile; fileRef = 5B567BD816DE3BC800413710 /* K♠.png */; };
		5B567BF516DE3BC800413710 /* K♠@2x.png in Resources */ = {isa = PBXBuildFile; fileRef = 5B567BD916DE3BC800413710 /* K♠@2x.png */; };
		5B567BF616DE3BC800413710 /* K♣.png in Resources */ = {isa = PBXBuildFile; fileRef = 5B567BDA16DE3BC800413710 /* K♣.png */; };
		5B567BF716DE3BC800413710 /* K♣@2x.png in Resources */ = {isa = PBXBuildFile; fileRef = 5B567BDB16DE3BC800413710 /* K♣@2x.png */; };
		5B567BF816DE3BC800413710 /* K♥.png in Resources */ = {isa = PBXBuildFile; fileRef = 5B567BDC16DE3BC800413710 /* K♥.png */; };
		5B567BF916DE3BC800413710 /* K♥@2x.png in Resources */ = {isa = PBXBuildFile; fileRef = 5B567BDD16DE3BC800413710 /* K♥@2x.png */; };
		5B567BFA16DE3BC800413710 /* K♦.png in Resources */ = {isa = PBXBuildFile; fileRef = 5B567BDE16DE3BC800413710 /* K♦.png */; };
		5B567BFB16DE3BC800413710 /* K♦@2x.png in Resources */ = {isa = PBXBuildFile; fileRef = 5B567BDF16DE3BC800413710 /* K♦@2x.png */; };
		5B567BFC16DE3BC800413710 /* Q♠.png in Resources */ = {isa = PBXBuildFile; fileRef = 5B567BE016DE3BC800413710 /* Q♠.png */; };
		5B567BFD16DE3BC800413710 /* Q♠@2x.png in Resources */ = {isa = PBXBuildFile; fileRef = 5B567BE116DE3BC800413710 /* Q♠@2x.png */; };
		5B567BFE16DE3BC800413710 /* Q♣.png in Resources */ = {isa = PBXBuildFile; fileRef = 5B567BE216DE3BC800413710 /* Q♣.png */; };
		5B567BFF16DE3BC800413710 /* Q♣@2x.png in Resources */ = {isa = PBXBuildFile; fileRef = 5B567BE316DE3BC800413710 /* Q♣@2x.png */; };
		5B567C0016DE3BC800413710 /* Q♥.png in Resources */ = {isa = PBXBuildFile; fileRef = 5B567BE416DE3BC800413710 /* Q♥.png */; };
		5B567C0116DE3BC800413710 /* Q♥@2x.png in Resources */ = {isa = PBXBuildFile; fileRef = 5B567BE516DE3BC800413710 /* Q♥@2x.png */; };
		5B567C0216DE3BC800413710 /* Q♦.png in Resources */ = {isa = PBXBuildFile; fileRef = 5B567BE616DE3BC800413710 /* Q♦.png */; };
		5B567C0316DE3BC800413710 /* Q♦@2x.png in Resources */ = {isa = PBXBuildFile; fileRef = 5B567BE716DE3BC800413710 /* Q♦@2x.png */; };
		5B567C0416DE3BC800413710 /* PlayingCardView.m in Sources */ = {isa = PBXBuildFile; fileRef = 5B567BE916DE3BC800413710 /* PlayingCardView.m */; };
/* End PBXBuildFile section */

/* Begin PBXFileReference section */
		5B567BA416DE38B800413710 /* CardViewer.app */ = {isa = PBXFileReference; explicitFileType = wrapper.application; includeInIndex = 0; path = CardViewer.app; sourceTree = BUILT_PRODUCTS_DIR; };
		5B567BA716DE38B800413710 /* UIKit.framework */ = {isa = PBXFileReference; lastKnownFileType = wrapper.framework; name = UIKit.framework; path = System/Library/Frameworks/UIKit.framework; sourceTree = SDKROOT; };
		5B567BA916DE38B800413710 /* Foundation.framework */ = {isa = PBXFileReference; lastKnownFileType = wrapper.framework; name = Foundation.framework; path = System/Library/Frameworks/Foundation.framework; sourceTree = SDKROOT; };
		5B567BAB16DE38B800413710 /* CoreGraphics.framework */ = {isa = PBXFileReference; lastKnownFileType = wrapper.framework; name = CoreGraphics.framework; path = System/Library/Frameworks/CoreGraphics.framework; sourceTree = SDKROOT; };
		5B567BAF16DE38B800413710 /* CardViewer-Info.plist */ = {isa = PBXFileReference; lastKnownFileType = text.plist.xml; path = "CardViewer-Info.plist"; sourceTree = "<group>"; };
		5B567BB116DE38B800413710 /* en */ = {isa = PBXFileReference; lastKnownFileType = text.plist.strings; name = en; path = en.lproj/InfoPlist.strings; sourceTree = "<group>"; };
		5B567BB316DE38B800413710 /* main.m */ = {isa = PBXFileReference; lastKnownFileType = sourcecode.c.objc; path = main.m; sourceTree = "<group>"; };
		5B567BB516DE38B800413710 /* CardViewer-Prefix.pch */ = {isa = PBXFileReference; lastKnownFileType = sourcecode.c.h; path = "CardViewer-Prefix.pch"; sourceTree = "<group>"; };
		5B567BB616DE38B800413710 /* CardChooserAppDelegate.h */ = {isa = PBXFileReference; lastKnownFileType = sourcecode.c.h; path = CardChooserAppDelegate.h; sourceTree = "<group>"; };
		5B567BB716DE38B800413710 /* CardChooserAppDelegate.m */ = {isa = PBXFileReference; lastKnownFileType = sourcecode.c.objc; path = CardChooserAppDelegate.m; sourceTree = "<group>"; };
		5B567BB916DE38B800413710 /* Default.png */ = {isa = PBXFileReference; lastKnownFileType = image.png; path = Default.png; sourceTree = "<group>"; };
		5B567BBB16DE38B800413710 /* Default@2x.png */ = {isa = PBXFileReference; lastKnownFileType = image.png; path = "Default@2x.png"; sourceTree = "<group>"; };
		5B567BBD16DE38B800413710 /* Default-568h@2x.png */ = {isa = PBXFileReference; lastKnownFileType = image.png; path = "Default-568h@2x.png"; sourceTree = "<group>"; };
		5B567BC016DE38B800413710 /* en */ = {isa = PBXFileReference; lastKnownFileType = file.storyboard; name = en; path = en.lproj/MainStoryboard.storyboard; sourceTree = "<group>"; };
		5B567BC216DE38B800413710 /* CardChooserViewController.h */ = {isa = PBXFileReference; lastKnownFileType = sourcecode.c.h; path = CardChooserViewController.h; sourceTree = "<group>"; };
		5B567BC316DE38B800413710 /* CardChooserViewController.m */ = {isa = PBXFileReference; lastKnownFileType = sourcecode.c.objc; path = CardChooserViewController.m; sourceTree = "<group>"; };
		5B567BCA16DE3A7100413710 /* CardDisplayViewController.h */ = {isa = PBXFileReference; fileEncoding = 4; lastKnownFileType = sourcecode.c.h; path = CardDisplayViewController.h; sourceTree = "<group>"; };
		5B567BCB16DE3A7100413710 /* CardDisplayViewController.m */ = {isa = PBXFileReference; fileEncoding = 4; lastKnownFileType = sourcecode.c.objc; path = CardDisplayViewController.m; sourceTree = "<group>"; };
		5B567BCD16DE3BC800413710 /* cardback.png */ = {isa = PBXFileReference; lastKnownFileType = image.png; path = cardback.png; sourceTree = "<group>"; };
		5B567BCE16DE3BC800413710 /* cardback@2x.png */ = {isa = PBXFileReference; lastKnownFileType = image.png; path = "cardback@2x.png"; sourceTree = "<group>"; };
		5B567BD016DE3BC800413710 /* J♠.png */ = {isa = PBXFileReference; lastKnownFileType = image.png; path = "J♠.png"; sourceTree = "<group>"; };
		5B567BD116DE3BC800413710 /* J♠@2x.png */ = {isa = PBXFileReference; lastKnownFileType = image.png; path = "J♠@2x.png"; sourceTree = "<group>"; };
		5B567BD216DE3BC800413710 /* J♣.png */ = {isa = PBXFileReference; lastKnownFileType = image.png; path = "J♣.png"; sourceTree = "<group>"; };
		5B567BD316DE3BC800413710 /* J♣@2x.png */ = {isa = PBXFileReference; lastKnownFileType = image.png; path = "J♣@2x.png"; sourceTree = "<group>"; };
		5B567BD416DE3BC800413710 /* J♥.png */ = {isa = PBXFileReference; lastKnownFileType = image.png; path = "J♥.png"; sourceTree = "<group>"; };
		5B567BD516DE3BC800413710 /* J♥@2x.png */ = {isa = PBXFileReference; lastKnownFileType = image.png; path = "J♥@2x.png"; sourceTree = "<group>"; };
		5B567BD616DE3BC800413710 /* J♦.png */ = {isa = PBXFileReference; lastKnownFileType = image.png; path = "J♦.png"; sourceTree = "<group>"; };
		5B567BD716DE3BC800413710 /* J♦@2x.png */ = {isa = PBXFileReference; lastKnownFileType = image.png; path = "J♦@2x.png"; sourceTree = "<group>"; };
		5B567BD816DE3BC800413710 /* K♠.png */ = {isa = PBXFileReference; lastKnownFileType = image.png; path = "K♠.png"; sourceTree = "<group>"; };
		5B567BD916DE3BC800413710 /* K♠@2x.png */ = {isa = PBXFileReference; lastKnownFileType = image.png; path = "K♠@2x.png"; sourceTree = "<group>"; };
		5B567BDA16DE3BC800413710 /* K♣.png */ = {isa = PBXFileReference; lastKnownFileType = image.png; path = "K♣.png"; sourceTree = "<group>"; };
		5B567BDB16DE3BC800413710 /* K♣@2x.png */ = {isa = PBXFileReference; lastKnownFileType = image.png; path = "K♣@2x.png"; sourceTree = "<group>"; };
		5B567BDC16DE3BC800413710 /* K♥.png */ = {isa = PBXFileReference; lastKnownFileType = image.png; path = "K♥.png"; sourceTree = "<group>"; };
		5B567BDD16DE3BC800413710 /* K♥@2x.png */ = {isa = PBXFileReference; lastKnownFileType = image.png; path = "K♥@2x.png"; sourceTree = "<group>"; };
		5B567BDE16DE3BC800413710 /* K♦.png */ = {isa = PBXFileReference; lastKnownFileType = image.png; path = "K♦.png"; sourceTree = "<group>"; };
		5B567BDF16DE3BC800413710 /* K♦@2x.png */ = {isa = PBXFileReference; lastKnownFileType = image.png; path = "K♦@2x.png"; sourceTree = "<group>"; };
		5B567BE016DE3BC800413710 /* Q♠.png */ = {isa = PBXFileReference; lastKnownFileType = image.png; path = "Q♠.png"; sourceTree = "<group>"; };
		5B567BE116DE3BC800413710 /* Q♠@2x.png */ = {isa = PBXFileReference; lastKnownFileType = image.png; path = "Q♠@2x.png"; sourceTree = "<group>"; };
		5B567BE216DE3BC800413710 /* Q♣.png */ = {isa = PBXFileReference; lastKnownFileType = image.png; path = "Q♣.png"; sourceTree = "<group>"; };
		5B567BE316DE3BC800413710 /* Q♣@2x.png */ = {isa = PBXFileReference; lastKnownFileType = image.png; path = "Q♣@2x.png"; sourceTree = "<group>"; };
		5B567BE416DE3BC800413710 /* Q♥.png */ = {isa = PBXFileReference; lastKnownFileType = image.png; path = "Q♥.png"; sourceTree = "<group>"; };
		5B567BE516DE3BC800413710 /* Q♥@2x.png */ = {isa = PBXFileReference; lastKnownFileType = image.png; path = "Q♥@2x.png"; sourceTree = "<group>"; };
		5B567BE616DE3BC800413710 /* Q♦.png */ = {isa = PBXFileReference; lastKnownFileType = image.png; path = "Q♦.png"; sourceTree = "<group>"; };
		5B567BE716DE3BC800413710 /* Q♦@2x.png */ = {isa = PBXFileReference; lastKnownFileType = image.png; path = "Q♦@2x.png"; sourceTree = "<group>"; };
		5B567BE816DE3BC800413710 /* PlayingCardView.h */ = {isa = PBXFileReference; fileEncoding = 4; lastKnownFileType = sourcecode.c.h; path = PlayingCardView.h; sourceTree = "<group>"; };
		5B567BE916DE3BC800413710 /* PlayingCardView.m */ = {isa = PBXFileReference; fileEncoding = 4; lastKnownFileType = sourcecode.c.objc; path = PlayingCardView.m; sourceTree = "<group>"; };
/* End PBXFileReference section */

/* Begin PBXFrameworksBuildPhase section */
		5B567BA116DE38B800413710 /* Frameworks */ = {
			isa = PBXFrameworksBuildPhase;
			buildActionMask = 2147483647;
			files = (
				5B567BA816DE38B800413710 /* UIKit.framework in Frameworks */,
				5B567BAA16DE38B800413710 /* Foundation.framework in Frameworks */,
				5B567BAC16DE38B800413710 /* CoreGraphics.framework in Frameworks */,
			);
			runOnlyForDeploymentPostprocessing = 0;
		};
/* End PBXFrameworksBuildPhase section */

/* Begin PBXGroup section */
		5B567B9B16DE38B700413710 = {
			isa = PBXGroup;
			children = (
				5B567BAD16DE38B800413710 /* CardViewer */,
				5B567BA616DE38B800413710 /* Frameworks */,
				5B567BA516DE38B800413710 /* Products */,
			);
			sourceTree = "<group>";
		};
		5B567BA516DE38B800413710 /* Products */ = {
			isa = PBXGroup;
			children = (
				5B567BA416DE38B800413710 /* CardViewer.app */,
			);
			name = Products;
			sourceTree = "<group>";
		};
		5B567BA616DE38B800413710 /* Frameworks */ = {
			isa = PBXGroup;
			children = (
				5B567BA716DE38B800413710 /* UIKit.framework */,
				5B567BA916DE38B800413710 /* Foundation.framework */,
				5B567BAB16DE38B800413710 /* CoreGraphics.framework */,
			);
			name = Frameworks;
			sourceTree = "<group>";
		};
		5B567BAD16DE38B800413710 /* CardViewer */ = {
			isa = PBXGroup;
			children = (
				5B567BB616DE38B800413710 /* CardChooserAppDelegate.h */,
				5B567BB716DE38B800413710 /* CardChooserAppDelegate.m */,
				5B567BBF16DE38B800413710 /* MainStoryboard.storyboard */,
				5B567BC216DE38B800413710 /* CardChooserViewController.h */,
				5B567BC316DE38B800413710 /* CardChooserViewController.m */,
				5B567BCA16DE3A7100413710 /* CardDisplayViewController.h */,
				5B567BCB16DE3A7100413710 /* CardDisplayViewController.m */,
				5B567BE816DE3BC800413710 /* PlayingCardView.h */,
				5B567BE916DE3BC800413710 /* PlayingCardView.m */,
				5B567BCF16DE3BC800413710 /* PlayingCardFaces */,
				5B567BCD16DE3BC800413710 /* cardback.png */,
				5B567BCE16DE3BC800413710 /* cardback@2x.png */,
				5B567BAE16DE38B800413710 /* Supporting Files */,
			);
			path = CardViewer;
			sourceTree = "<group>";
		};
		5B567BAE16DE38B800413710 /* Supporting Files */ = {
			isa = PBXGroup;
			children = (
				5B567BAF16DE38B800413710 /* CardViewer-Info.plist */,
				5B567BB016DE38B800413710 /* InfoPlist.strings */,
				5B567BB316DE38B800413710 /* main.m */,
				5B567BB516DE38B800413710 /* CardViewer-Prefix.pch */,
				5B567BB916DE38B800413710 /* Default.png */,
				5B567BBB16DE38B800413710 /* Default@2x.png */,
				5B567BBD16DE38B800413710 /* Default-568h@2x.png */,
			);
			name = "Supporting Files";
			sourceTree = "<group>";
		};
		5B567BCF16DE3BC800413710 /* PlayingCardFaces */ = {
			isa = PBXGroup;
			children = (
				5B567BD016DE3BC800413710 /* J♠.png */,
				5B567BD116DE3BC800413710 /* J♠@2x.png */,
				5B567BD216DE3BC800413710 /* J♣.png */,
				5B567BD316DE3BC800413710 /* J♣@2x.png */,
				5B567BD416DE3BC800413710 /* J♥.png */,
				5B567BD516DE3BC800413710 /* J♥@2x.png */,
				5B567BD616DE3BC800413710 /* J♦.png */,
				5B567BD716DE3BC800413710 /* J♦@2x.png */,
				5B567BD816DE3BC800413710 /* K♠.png */,
				5B567BD916DE3BC800413710 /* K♠@2x.png */,
				5B567BDA16DE3BC800413710 /* K♣.png */,
				5B567BDB16DE3BC800413710 /* K♣@2x.png */,
				5B567BDC16DE3BC800413710 /* K♥.png */,
				5B567BDD16DE3BC800413710 /* K♥@2x.png */,
				5B567BDE16DE3BC800413710 /* K♦.png */,
				5B567BDF16DE3BC800413710 /* K♦@2x.png */,
				5B567BE016DE3BC800413710 /* Q♠.png */,
				5B567BE116DE3BC800413710 /* Q♠@2x.png */,
				5B567BE216DE3BC800413710 /* Q♣.png */,
				5B567BE316DE3BC800413710 /* Q♣@2x.png */,
				5B567BE416DE3BC800413710 /* Q♥.png */,
				5B567BE516DE3BC800413710 /* Q♥@2x.png */,
				5B567BE616DE3BC800413710 /* Q♦.png */,
				5B567BE716DE3BC800413710 /* Q♦@2x.png */,
			);
			path = PlayingCardFaces;
			sourceTree = "<group>";
		};
/* End PBXGroup section */

/* Begin PBXNativeTarget section */
		5B567BA316DE38B800413710 /* CardViewer */ = {
			isa = PBXNativeTarget;
			buildConfigurationList = 5B567BC716DE38B800413710 /* Build configuration list for PBXNativeTarget "CardViewer" */;
			buildPhases = (
				5B567BA016DE38B800413710 /* Sources */,
				5B567BA116DE38B800413710 /* Frameworks */,
				5B567BA216DE38B800413710 /* Resources */,
			);
			buildRules = (
			);
			dependencies = (
			);
			name = CardViewer;
			productName = CardViewer;
			productReference = 5B567BA416DE38B800413710 /* CardViewer.app */;
			productType = "com.apple.product-type.application";
		};
/* End PBXNativeTarget section */

/* Begin PBXProject section */
		5B567B9C16DE38B700413710 /* Project object */ = {
			isa = PBXProject;
			attributes = {
				CLASSPREFIX = CardChooser;
				LastUpgradeCheck = 0460;
				ORGANIZATIONNAME = "m2m server software gmbh";
			};
			buildConfigurationList = 5B567B9F16DE38B700413710 /* Build configuration list for PBXProject "CardViewer" */;
			compatibilityVersion = "Xcode 3.2";
			developmentRegion = English;
			hasScannedForEncodings = 0;
			knownRegions = (
				en,
			);
			mainGroup = 5B567B9B16DE38B700413710;
			productRefGroup = 5B567BA516DE38B800413710 /* Products */;
			projectDirPath = "";
			projectRoot = "";
			targets = (
				5B567BA316DE38B800413710 /* CardViewer */,
			);
		};
/* End PBXProject section */

/* Begin PBXResourcesBuildPhase section */
		5B567BA216DE38B800413710 /* Resources */ = {
			isa = PBXResourcesBuildPhase;
			buildActionMask = 2147483647;
			files = (
				5B567BB216DE38B800413710 /* InfoPlist.strings in Resources */,
				5B567BBA16DE38B800413710 /* Default.png in Resources */,
				5B567BBC16DE38B800413710 /* Default@2x.png in Resources */,
				5B567BBE16DE38B800413710 /* Default-568h@2x.png in Resources */,
				5B567BC116DE38B800413710 /* MainStoryboard.storyboard in Resources */,
				5B567BEA16DE3BC800413710 /* cardback.png in Resources */,
				5B567BEB16DE3BC800413710 /* cardback@2x.png in Resources */,
				5B567BEC16DE3BC800413710 /* J♠.png in Resources */,
				5B567BED16DE3BC800413710 /* J♠@2x.png in Resources */,
				5B567BEE16DE3BC800413710 /* J♣.png in Resources */,
				5B567BEF16DE3BC800413710 /* J♣@2x.png in Resources */,
				5B567BF016DE3BC800413710 /* J♥.png in Resources */,
				5B567BF116DE3BC800413710 /* J♥@2x.png in Resources */,
				5B567BF216DE3BC800413710 /* J♦.png in Resources */,
				5B567BF316DE3BC800413710 /* J♦@2x.png in Resources */,
				5B567BF416DE3BC800413710 /* K♠.png in Resources */,
				5B567BF516DE3BC800413710 /* K♠@2x.png in Resources */,
				5B567BF616DE3BC800413710 /* K♣.png in Resources */,
				5B567BF716DE3BC800413710 /* K♣@2x.png in Resources */,
				5B567BF816DE3BC800413710 /* K♥.png in Resources */,
				5B567BF916DE3BC800413710 /* K♥@2x.png in Resources */,
				5B567BFA16DE3BC800413710 /* K♦.png in Resources */,
				5B567BFB16DE3BC800413710 /* K♦@2x.png in Resources */,
				5B567BFC16DE3BC800413710 /* Q♠.png in Resources */,
				5B567BFD16DE3BC800413710 /* Q♠@2x.png in Resources */,
				5B567BFE16DE3BC800413710 /* Q♣.png in Resources */,
				5B567BFF16DE3BC800413710 /* Q♣@2x.png in Resources */,
				5B567C0016DE3BC800413710 /* Q♥.png in Resources */,
				5B567C0116DE3BC800413710 /* Q♥@2x.png in Resources */,
				5B567C0216DE3BC800413710 /* Q♦.png in Resources */,
				5B567C0316DE3BC800413710 /* Q♦@2x.png in Resources */,
			);
			runOnlyForDeploymentPostprocessing = 0;
		};
/* End PBXResourcesBuildPhase section */

/* Begin PBXSourcesBuildPhase section */
		5B567BA016DE38B800413710 /* Sources */ = {
			isa = PBXSourcesBuildPhase;
			buildActionMask = 2147483647;
			files = (
				5B567BB416DE38B800413710 /* main.m in Sources */,
				5B567BB816DE38B800413710 /* CardChooserAppDelegate.m in Sources */,
				5B567BC416DE38B800413710 /* CardChooserViewController.m in Sources */,
				5B567BCC16DE3A7100413710 /* CardDisplayViewController.m in Sources */,
				5B567C0416DE3BC800413710 /* PlayingCardView.m in Sources */,
			);
			runOnlyForDeploymentPostprocessing = 0;
		};
/* End PBXSourcesBuildPhase section */

/* Begin PBXVariantGroup section */
		5B567BB016DE38B800413710 /* InfoPlist.strings */ = {
			isa = PBXVariantGroup;
			children = (
				5B567BB116DE38B800413710 /* en */,
			);
			name = InfoPlist.strings;
			sourceTree = "<group>";
		};
		5B567BBF16DE38B800413710 /* MainStoryboard.storyboard */ = {
			isa = PBXVariantGroup;
			children = (
				5B567BC016DE38B800413710 /* en */,
			);
			name = MainStoryboard.storyboard;
			sourceTree = "<group>";
		};
/* End PBXVariantGroup section */

/* Begin XCBuildConfiguration section */
		5B567BC516DE38B800413710 /* Debug */ = {
			isa = XCBuildConfiguration;
			buildSettings = {
				ALWAYS_SEARCH_USER_PATHS = NO;
				CLANG_CXX_LANGUAGE_STANDARD = "gnu++0x";
				CLANG_CXX_LIBRARY = "libc++";
				CLANG_ENABLE_OBJC_ARC = YES;
				CLANG_WARN_CONSTANT_CONVERSION = YES;
				CLANG_WARN_EMPTY_BODY = YES;
				CLANG_WARN_ENUM_CONVERSION = YES;
				CLANG_WARN_INT_CONVERSION = YES;
				CLANG_WARN__DUPLICATE_METHOD_MATCH = YES;
				"CODE_SIGN_IDENTITY[sdk=iphoneos*]" = "iPhone Developer";
				COPY_PHASE_STRIP = NO;
				GCC_C_LANGUAGE_STANDARD = gnu99;
				GCC_DYNAMIC_NO_PIC = NO;
				GCC_OPTIMIZATION_LEVEL = 0;
				GCC_PREPROCESSOR_DEFINITIONS = (
					"DEBUG=1",
					"$(inherited)",
				);
				GCC_SYMBOLS_PRIVATE_EXTERN = NO;
				GCC_WARN_ABOUT_RETURN_TYPE = YES;
				GCC_WARN_UNINITIALIZED_AUTOS = YES;
				GCC_WARN_UNUSED_VARIABLE = YES;
				IPHONEOS_DEPLOYMENT_TARGET = 6.1;
				ONLY_ACTIVE_ARCH = YES;
				SDKROOT = iphoneos;
			};
			name = Debug;
		};
		5B567BC616DE38B800413710 /* Release */ = {
			isa = XCBuildConfiguration;
			buildSettings = {
				ALWAYS_SEARCH_USER_PATHS = NO;
				CLANG_CXX_LANGUAGE_STANDARD = "gnu++0x";
				CLANG_CXX_LIBRARY = "libc++";
				CLANG_ENABLE_OBJC_ARC = YES;
				CLANG_WARN_CONSTANT_CONVERSION = YES;
				CLANG_WARN_EMPTY_BODY = YES;
				CLANG_WARN_ENUM_CONVERSION = YES;
				CLANG_WARN_INT_CONVERSION = YES;
				CLANG_WARN__DUPLICATE_METHOD_MATCH = YES;
				"CODE_SIGN_IDENTITY[sdk=iphoneos*]" = "iPhone Developer";
				COPY_PHASE_STRIP = YES;
				GCC_C_LANGUAGE_STANDARD = gnu99;
				GCC_WARN_ABOUT_RETURN_TYPE = YES;
				GCC_WARN_UNINITIALIZED_AUTOS = YES;
				GCC_WARN_UNUSED_VARIABLE = YES;
				IPHONEOS_DEPLOYMENT_TARGET = 6.1;
				OTHER_CFLAGS = "-DNS_BLOCK_ASSERTIONS=1";
				SDKROOT = iphoneos;
				VALIDATE_PRODUCT = YES;
			};
			name = Release;
		};
		5B567BC816DE38B800413710 /* Debug */ = {
			isa = XCBuildConfiguration;
			buildSettings = {
				GCC_PRECOMPILE_PREFIX_HEADER = YES;
				GCC_PREFIX_HEADER = "CardViewer/CardViewer-Prefix.pch";
				INFOPLIST_FILE = "CardViewer/CardViewer-Info.plist";
				PRODUCT_NAME = "$(TARGET_NAME)";
				WRAPPER_EXTENSION = app;
			};
			name = Debug;
		};
		5B567BC916DE38B800413710 /* Release */ = {
			isa = XCBuildConfiguration;
			buildSettings = {
				GCC_PRECOMPILE_PREFIX_HEADER = YES;
				GCC_PREFIX_HEADER = "CardViewer/CardViewer-Prefix.pch";
				INFOPLIST_FILE = "CardViewer/CardViewer-Info.plist";
				PRODUCT_NAME = "$(TARGET_NAME)";
				WRAPPER_EXTENSION = app;
			};
			name = Release;
		};
/* End XCBuildConfiguration section */

/* Begin XCConfigurationList section */
		5B567B9F16DE38B700413710 /* Build configuration list for PBXProject "CardViewer" */ = {
			isa = XCConfigurationList;
			buildConfigurations = (
				5B567BC516DE38B800413710 /* Debug */,
				5B567BC616DE38B800413710 /* Release */,
			);
			defaultConfigurationIsVisible = 0;
			defaultConfigurationName = Release;
		};
		5B567BC716DE38B800413710 /* Build configuration list for PBXNativeTarget "CardViewer" */ = {
			isa = XCConfigurationList;
			buildConfigurations = (
				5B567BC816DE38B800413710 /* Debug */,
				5B567BC916DE38B800413710 /* Release */,
			);
			defaultConfigurationIsVisible = 0;
		};
/* End XCConfigurationList section */
	};
	rootObject = 5B567B9C16DE38B700413710 /* Project object */;
}
